{
  "version": 4,
  "terraform_version": "1.7.5",
  "serial": 1,
  "lineage": "0fa401e4-2b0a-17d7-6432-43643e776013",
  "outputs": {},
  "resources": [
    {
      "mode": "managed",
      "type": "local_file",
      "name": "pavel",
      "provider": "provider[\"registry.terraform.io/hashicorp/local\"]",
      "instances": [
        {
          "schema_version": 0,
          "attributes": {
            "content": "Hello, Pavel!",
            "content_base64": null,
            "content_base64sha256": "9JKoKQLH9EZBPsfkGRRwKH/qrd1CAKS6SA6dvba4iYQ=",
            "content_base64sha512": "QNEPnNAi2mXL32uvmyHNAamiL5M/V0++PSmpg+ol8wnio1flNugCu9X0aYF0us/fQdd8ulGtEUxrM3Ixt6oCVw==",
            "content_md5": "d8d4165b2b44ae904887721e38bd59a6",
            "content_sha1": "3666b963070d7eabd5ef526ed66b03ea2462fc4d",
            "content_sha256": "f492a82902c7f446413ec7e4191470287feaaddd4200a4ba480e9dbdb6b88984",
            "content_sha512": "40d10f9cd022da65cbdf6baf9b21cd01a9a22f933f574fbe3d29a983ea25f309e2a357e536e802bbd5f4698174bacfdf41d77cba51ad114c6b337231b7aa0257",
            "directory_permission": "0777",
            "file_permission": "0777",
            "filename": "pavel.txt",
            "id": "3666b963070d7eabd5ef526ed66b03ea2462fc4d",
            "sensitive_content": null,
            "source": null
          },
          "sensitive_attributes": []
        }
      ]
    }
  ],
  "check_results": null
}
